{
  "name": "x-agent",
  "version": "1.0.0",
  "lockfileVersion": 3,
  "requires": true,
  "packages": {
    "": {
      "name": "x-agent",
      "version": "1.0.0",
      "license": "ISC",
      "dependencies": {
        "@openzeppelin/contracts": "^5.1.0",
        "uWebSockets.js": "github:uNetworking/uWebSockets.js#v20.48.0"
      }
    },
    "node_modules/@openzeppelin/contracts": {
      "version": "5.1.0",
      "resolved": "https://registry.npmjs.org/@openzeppelin/contracts/-/contracts-5.1.0.tgz",
      "integrity": "sha512-p1ULhl7BXzjjbha5aqst+QMLY+4/LCWADXOCsmLHRM77AqiPjnd9vvUN9sosUfhL9JGKpZ0TjEGxgvnizmWGSA=="
    },
    "node_modules/uWebSockets.js": {
      "version": "20.48.0",
      "resolved": "git+ssh://git@github.com/uNetworking/uWebSockets.js.git#51ae1d1fd92dff77cbbdc7c431021f85578da1a6",
      "license": "Apache-2.0"
    }
  }
}
